
Microsoft Visual Studio Solution File, Format Version 12.00
# Visual Studio Version 16
VisualStudioVersion = 16.0.31911.196
MinimumVisualStudioVersion = 10.0.40219.1
Project("{9A19103F-16F7-4668-BE54-9A1E7A4F7556}") = "BuildConsoleExample", "BuildConsoleExample\BuildConsoleExample.csproj", "{9027B408-E4AF-4038-951E-53E4391797BE}"
EndProject
Global
	GlobalSection(SolutionConfigurationPlatforms) = preSolution
		Debug|Any CPU = Debug|Any CPU
		Release|Any CPU = Release|Any CPU
	EndGlobalSection
	GlobalSection(ProjectConfigurationPlatforms) = postSolution
		{9027B408-E4AF-4038-951E-53E4391797BE}.Debug|Any CPU.ActiveCfg = Debug|Any CPU
		{9027B408-E4AF-4038-951E-53E4391797BE}.Debug|Any CPU.Build.0 = Debug|Any CPU
		{9027B408-E4AF-4038-951E-53E4391797BE}.Release|Any CPU.ActiveCfg = Release|Any CPU
		{9027B408-E4AF-4038-951E-53E4391797BE}.Release|Any CPU.Build.0 = Release|Any CPU
	EndGlobalSection
	GlobalSection(SolutionProperties) = preSolution
		HideSolutionNode = FALSE
	EndGlobalSection
	GlobalSection(ExtensibilityGlobals) = postSolution
		SolutionGuid = {4A25FBDF-0D25-4DF1-9E28-DBAF77933D9D}
	EndGlobalSection
EndGlobal
