
Microsoft Visual Studio Solution File, Format Version 12.00
# Visual Studio Version 16
VisualStudioVersion = 16.0.31911.196
MinimumVisualStudioVersion = 10.0.40219.1
Project("{FAE04EC0-301F-11D3-BF4B-00C04F79EFBC}") = "CustomTask", "CustomTask\CustomTask.csproj", "{BBC4D58E-DF15-4510-8175-00A26491370C}"
EndProject
Global
	GlobalSection(SolutionConfigurationPlatforms) = preSolution
		Debug|Any CPU = Debug|Any CPU
		Release|Any CPU = Release|Any CPU
	EndGlobalSection
	GlobalSection(ProjectConfigurationPlatforms) = postSolution
		{BBC4D58E-DF15-4510-8175-00A26491370C}.Debug|Any CPU.ActiveCfg = Debug|Any CPU
		{BBC4D58E-DF15-4510-8175-00A26491370C}.Debug|Any CPU.Build.0 = Debug|Any CPU
		{BBC4D58E-DF15-4510-8175-00A26491370C}.Release|Any CPU.ActiveCfg = Release|Any CPU
		{BBC4D58E-DF15-4510-8175-00A26491370C}.Release|Any CPU.Build.0 = Release|Any CPU
	EndGlobalSection
	GlobalSection(SolutionProperties) = preSolution
		HideSolutionNode = FALSE
	EndGlobalSection
	GlobalSection(ExtensibilityGlobals) = postSolution
		SolutionGuid = {6D5AD7DD-BF66-46BD-A31A-8F88C005A4C6}
	EndGlobalSection
EndGlobal
